{
  "requires": true,
  "lockfileVersion": 1,
  "dependencies": {
    "html-entities": {
      "version": "1.2.1",
      "resolved": "https://registry.npmjs.org/html-entities/-/html-entities-1.2.1.tgz",
      "integrity": "sha1-DfKTUfByEWNRXfueVUPl9u7VFi8="
    },
    "m3u8stream": {
      "version": "0.6.0",
      "resolved": "https://registry.npmjs.org/m3u8stream/-/m3u8stream-0.6.0.tgz",
      "integrity": "sha512-h78ollIa7zeq0nzx1+wI/EH0soUpe9A7sC6zw/+/tuRwYdIXedOytvI69+6eP/FU4Ph0cT6kQsw73j5tKXIbgg==",
      "requires": {
        "miniget": "^1.4.0",
        "sax": "^1.2.4"
      }
    },
    "miniget": {
      "version": "1.5.1",
      "resolved": "https://registry.npmjs.org/miniget/-/miniget-1.5.1.tgz",
      "integrity": "sha512-KJ3AyIVZ76QuWAq43BWjkK+jLdhxhy3s4tsdg9Je91+cIFkeOSW2VEj2lSeKw50CPu1eCCkSbiQEBKL36mpA5w=="
    },
    "sax": {
      "version": "1.2.4",
      "resolved": "https://registry.npmjs.org/sax/-/sax-1.2.4.tgz",
      "integrity": "sha512-NqVDv9TpANUjFm0N8uM5GxL36UgKi9/atZw+x7YFnQ8ckwFGKrl4xX4yWtrey3UJm5nP1kUbnYgLopqWNSRhWw=="
    },
    "ytdl-core": {
      "version": "0.28.0",
      "resolved": "https://registry.npmjs.org/ytdl-core/-/ytdl-core-0.28.0.tgz",
      "integrity": "sha512-pk1nd0MPZLyMOENUOCFLBJ/m59XFqSWPzSY2UhdG7PHBwYtROAY5QRLoYEG0V21h7i3KUeHbnFq8czio5gPKYA==",
      "requires": {
        "html-entities": "^1.1.3",
        "m3u8stream": "^0.6.0",
        "miniget": "^1.4.0",
        "sax": "^1.1.3"
      }
    }
  }
}
